
Microsoft Visual Studio Solution File, Format Version 12.00
# Visual Studio Version 17
VisualStudioVersion = 17.11.35303.130
MinimumVisualStudioVersion = 10.0.40219.1
Project("{FAE04EC0-301F-11D3-BF4B-00C04F79EFBC}") = "GestorDeContactos", "GestorDeContactos\GestorDeContactos.csproj", "{69BED6A8-B6DB-4CAA-9765-8C655E59772E}"
EndProject
Global
	GlobalSection(SolutionConfigurationPlatforms) = preSolution
		Debug|Any CPU = Debug|Any CPU
		Release|Any CPU = Release|Any CPU
	EndGlobalSection
	GlobalSection(ProjectConfigurationPlatforms) = postSolution
		{69BED6A8-B6DB-4CAA-9765-8C655E59772E}.Debug|Any CPU.ActiveCfg = Debug|Any CPU
		{69BED6A8-B6DB-4CAA-9765-8C655E59772E}.Debug|Any CPU.Build.0 = Debug|Any CPU
		{69BED6A8-B6DB-4CAA-9765-8C655E59772E}.Release|Any CPU.ActiveCfg = Release|Any CPU
		{69BED6A8-B6DB-4CAA-9765-8C655E59772E}.Release|Any CPU.Build.0 = Release|Any CPU
	EndGlobalSection
	GlobalSection(SolutionProperties) = preSolution
		HideSolutionNode = FALSE
	EndGlobalSection
	GlobalSection(ExtensibilityGlobals) = postSolution
		SolutionGuid = {5E96BFC0-5425-41FD-8FAB-5D2D2D6519AD}
	EndGlobalSection
EndGlobal
